
Microsoft Visual Studio Solution File, Format Version 12.00
# Visual Studio 14
VisualStudioVersion = 14.0.25420.1
MinimumVisualStudioVersion = 10.0.40219.1
Project("{FAE04EC0-301F-11D3-BF4B-00C04F79EFBC}") = "MyMVCDemo", "MyMVCDemo\MyMVCDemo.csproj", "{6AA99075-A9B4-467F-9DD4-E4C962E150F5}"
EndProject
Project("{FAE04EC0-301F-11D3-BF4B-00C04F79EFBC}") = "MVC模板", "MVC模板\MVC模板.csproj", "{92B74061-4297-4B51-B53C-DD86BEA57E1D}"
EndProject
Global
	GlobalSection(SolutionConfigurationPlatforms) = preSolution
		Debug|Any CPU = Debug|Any CPU
		Release|Any CPU = Release|Any CPU
	EndGlobalSection
	GlobalSection(ProjectConfigurationPlatforms) = postSolution
		{6AA99075-A9B4-467F-9DD4-E4C962E150F5}.Debug|Any CPU.ActiveCfg = Debug|Any CPU
		{6AA99075-A9B4-467F-9DD4-E4C962E150F5}.Debug|Any CPU.Build.0 = Debug|Any CPU
		{6AA99075-A9B4-467F-9DD4-E4C962E150F5}.Release|Any CPU.ActiveCfg = Release|Any CPU
		{6AA99075-A9B4-467F-9DD4-E4C962E150F5}.Release|Any CPU.Build.0 = Release|Any CPU
		{92B74061-4297-4B51-B53C-DD86BEA57E1D}.Debug|Any CPU.ActiveCfg = Debug|Any CPU
		{92B74061-4297-4B51-B53C-DD86BEA57E1D}.Debug|Any CPU.Build.0 = Debug|Any CPU
		{92B74061-4297-4B51-B53C-DD86BEA57E1D}.Release|Any CPU.ActiveCfg = Release|Any CPU
		{92B74061-4297-4B51-B53C-DD86BEA57E1D}.Release|Any CPU.Build.0 = Release|Any CPU
	EndGlobalSection
	GlobalSection(SolutionProperties) = preSolution
		HideSolutionNode = FALSE
	EndGlobalSection
EndGlobal
